<?xml version="1.0" encoding="utf-8"?>
<Project ToolsVersion="4.0" xmlns="http://schemas.microsoft.com/developer/msbuild/2003">
  <ItemGroup>
    <Filter Include="ソース ファイル">
      <UniqueIdentifier>{4FC737F1-C7A5-4376-A066-2A32D752A2FF}</UniqueIdentifier>
      <Extensions>cpp;c;cc;cxx;def;odl;idl;hpj;bat;asm;asmx</Extensions>
    </Filter>
    <Filter Include="ヘッダー ファイル">
      <UniqueIdentifier>{93995380-89BD-4b04-88EB-625FBE52EBFB}</UniqueIdentifier>
      <Extensions>h;hh;hpp;hxx;hm;inl;inc;xsd</Extensions>
    </Filter>
    <Filter Include="リソース ファイル">
      <UniqueIdentifier>{67DA6AB6-F800-4c08-8B7A-83BB121AAD01}</UniqueIdentifier>
      <Extensions>rc;ico;cur;bmp;dlg;rc2;rct;bin;rgs;gif;jpg;jpeg;jpe;resx;tiff;tif;png;wav;mfcribbon-ms</Extensions>
    </Filter>
    <Filter Include="ソース ファイル\DirectX">
      <UniqueIdentifier>{247aa3ac-8c0d-4dc2-bfd3-5f5d3c672e65}</UniqueIdentifier>
    </Filter>
    <Filter Include="ソース ファイル\Application">
      <UniqueIdentifier>{f734c863-0559-489d-946d-aaa65847fe8a}</UniqueIdentifier>
    </Filter>
    <Filter Include="ソース ファイル\Link">
      <UniqueIdentifier>{3b2748a0-7800-42ba-b8b5-833f079f4938}</UniqueIdentifier>
    </Filter>
    <Filter Include="ソース ファイル\EntryPoint">
      <UniqueIdentifier>{e2319ec7-3446-40a0-9a98-da4035201a1b}</UniqueIdentifier>
    </Filter>
    <Filter Include="ソース ファイル\Xinput">
      <UniqueIdentifier>{eae1e5c1-08a1-435a-9d59-7264bbfbf9a5}</UniqueIdentifier>
    </Filter>
    <Filter Include="ソース ファイル\Audio">
      <UniqueIdentifier>{2efdb7eb-cd7a-4be8-b431-938ee920b9d3}</UniqueIdentifier>
    </Filter>
    <Filter Include="ソース ファイル\SceneInterface">
      <UniqueIdentifier>{c452406a-a577-42c4-9180-89bf161b8754}</UniqueIdentifier>
    </Filter>
    <Filter Include="ソース ファイル\Scene">
      <UniqueIdentifier>{4e050983-3ea3-47b2-a5e2-28ced001ab5c}</UniqueIdentifier>
    </Filter>
    <Filter Include="ソース ファイル\SceneManager">
      <UniqueIdentifier>{3db57d59-f2f3-47ce-a69a-5625c6bda439}</UniqueIdentifier>
    </Filter>
    <Filter Include="ソース ファイル\Scene\Load">
      <UniqueIdentifier>{e7062d5a-fca1-4466-b35e-7b14e3f6a606}</UniqueIdentifier>
    </Filter>
    <Filter Include="ソース ファイル\Fade">
      <UniqueIdentifier>{3467c0b9-addd-47d0-af9a-342e73ebaf1a}</UniqueIdentifier>
    </Filter>
    <Filter Include="ソース ファイル\Board">
      <UniqueIdentifier>{025c88cc-b3b2-4452-8e89-137dac92b3ca}</UniqueIdentifier>
    </Filter>
    <Filter Include="ソース ファイル\GameObjectBase">
      <UniqueIdentifier>{bd137a9c-6310-4b88-aa30-9c757d135dfd}</UniqueIdentifier>
    </Filter>
    <Filter Include="ソース ファイル\ResourceManager">
      <UniqueIdentifier>{c12d60f8-38cc-4523-839e-d862b562895f}</UniqueIdentifier>
    </Filter>
    <Filter Include="ソース ファイル\MyHierarchy">
      <UniqueIdentifier>{ece24c4b-15ad-413e-9568-bc0bcf40bf5c}</UniqueIdentifier>
    </Filter>
    <Filter Include="ソース ファイル\KeyBoard">
      <UniqueIdentifier>{55769192-4e2f-4795-8b87-c4f5e98681dd}</UniqueIdentifier>
    </Filter>
    <Filter Include="ソース ファイル\Scene\Main">
      <UniqueIdentifier>{f1437d95-95a5-4da9-a94e-06e50cd008dd}</UniqueIdentifier>
    </Filter>
    <Filter Include="ソース ファイル\Scene\Title">
      <UniqueIdentifier>{2113b544-b467-4013-953c-ffab0d725f1a}</UniqueIdentifier>
    </Filter>
    <Filter Include="ソース ファイル\Camera">
      <UniqueIdentifier>{1303f139-1e34-4efd-82c3-94cf0a4a6277}</UniqueIdentifier>
    </Filter>
    <Filter Include="ソース ファイル\Mesh">
      <UniqueIdentifier>{c29bd3c3-3771-40b8-804d-c1578706d92f}</UniqueIdentifier>
    </Filter>
    <Filter Include="ソース ファイル\Skydome">
      <UniqueIdentifier>{16017cc1-2607-4478-ad7c-8519a52e2547}</UniqueIdentifier>
    </Filter>
    <Filter Include="ソース ファイル\Pawn">
      <UniqueIdentifier>{dcbe32eb-ddc9-4e73-a4a9-2a0896d92ec6}</UniqueIdentifier>
    </Filter>
    <Filter Include="ソース ファイル\Collision">
      <UniqueIdentifier>{3b7ffa1c-1456-4538-8cce-6975496e057b}</UniqueIdentifier>
    </Filter>
    <Filter Include="ソース ファイル\Player">
      <UniqueIdentifier>{ab84e46d-a145-4b67-8c97-8ca946abc283}</UniqueIdentifier>
    </Filter>
    <Filter Include="ソース ファイル\Collider">
      <UniqueIdentifier>{3231a8a8-79fe-456b-ba95-691052666bfd}</UniqueIdentifier>
    </Filter>
    <Filter Include="ソース ファイル\Figure">
      <UniqueIdentifier>{c24ab079-075f-46e1-8619-8fd848798e5c}</UniqueIdentifier>
    </Filter>
    <Filter Include="ソース ファイル\Light">
      <UniqueIdentifier>{24193427-61ec-4433-9fcd-2754479e6a9f}</UniqueIdentifier>
    </Filter>
    <Filter Include="ソース ファイル\MainField">
      <UniqueIdentifier>{c1910810-1203-4cd1-bda0-56a09decbb97}</UniqueIdentifier>
    </Filter>
    <Filter Include="ソース ファイル\MeshFieldBase">
      <UniqueIdentifier>{47d914b2-09e3-47e6-a774-cf65c3496f6f}</UniqueIdentifier>
    </Filter>
    <Filter Include="ソース ファイル\TitleUI">
      <UniqueIdentifier>{3f75ee39-0f09-41ea-9582-a4927c380320}</UniqueIdentifier>
    </Filter>
    <Filter Include="ソース ファイル\HeartObj">
      <UniqueIdentifier>{5b18241c-4f97-4519-93e4-32b6c184b3e1}</UniqueIdentifier>
    </Filter>
    <Filter Include="ソース ファイル\MyVector3">
      <UniqueIdentifier>{8fc18516-4889-4946-bd22-582104c42ba0}</UniqueIdentifier>
    </Filter>
    <Filter Include="ソース ファイル\CrtDebug">
      <UniqueIdentifier>{2442e6bf-8065-44c3-ba9d-8e8a33fb3021}</UniqueIdentifier>
    </Filter>
    <Filter Include="ソース ファイル\LoadIcon">
      <UniqueIdentifier>{57fb7207-16cb-41e4-bc9d-5b80f06ca3c7}</UniqueIdentifier>
    </Filter>
    <Filter Include="ソース ファイル\Ball">
      <UniqueIdentifier>{7beb89ec-0581-456e-9b11-9a97521ddd23}</UniqueIdentifier>
    </Filter>
    <Filter Include="ソース ファイル\Delete">
      <UniqueIdentifier>{b4ef6d1d-9274-48d9-b4bf-73b692f68b10}</UniqueIdentifier>
    </Filter>
    <Filter Include="ソース ファイル\Particle">
      <UniqueIdentifier>{bee652ec-4eba-4f5f-aaa6-86429bed0f40}</UniqueIdentifier>
    </Filter>
    <Filter Include="ソース ファイル\Random">
      <UniqueIdentifier>{ba5ae1a7-3a37-4469-94cd-6584ea367674}</UniqueIdentifier>
    </Filter>
    <Filter Include="ソース ファイル\Scene\Select">
      <UniqueIdentifier>{8ed0a99d-a21c-45da-bd5a-8150454b6331}</UniqueIdentifier>
    </Filter>
    <Filter Include="ソース ファイル\Fream">
      <UniqueIdentifier>{a5e4d4ce-23d5-4de1-9867-18d20bc62ac4}</UniqueIdentifier>
    </Filter>
    <Filter Include="ソース ファイル\BackGround">
      <UniqueIdentifier>{ce19ade0-8b7d-416d-be31-2e4a63b9122f}</UniqueIdentifier>
    </Filter>
    <Filter Include="ソース ファイル\SelectManager">
      <UniqueIdentifier>{6a087e89-524a-4db3-8165-06f7707031ea}</UniqueIdentifier>
    </Filter>
    <Filter Include="ソース ファイル\Edit">
      <UniqueIdentifier>{c7abfd2e-07e3-4133-a354-d2e387d85343}</UniqueIdentifier>
    </Filter>
    <Filter Include="ソース ファイル\Scene\StageEdit">
      <UniqueIdentifier>{c7056d2a-2e2b-4d67-b792-32c7f566cfa9}</UniqueIdentifier>
    </Filter>
    <Filter Include="ソース ファイル\Scene\CharacterSelect">
      <UniqueIdentifier>{6677ddaf-05be-4594-af32-9f31e954d55c}</UniqueIdentifier>
    </Filter>
    <Filter Include="ソース ファイル\Goal">
      <UniqueIdentifier>{5607546f-296d-4104-b1c0-e421c798c8f1}</UniqueIdentifier>
    </Filter>
    <Filter Include="ソース ファイル\MainObject">
      <UniqueIdentifier>{e6e14a8b-56af-4b83-8eb2-27baba6de038}</UniqueIdentifier>
    </Filter>
    <Filter Include="ソース ファイル\GameManager">
      <UniqueIdentifier>{d9226aa4-3417-4d5d-ad4d-42e6c84d4e32}</UniqueIdentifier>
    </Filter>
    <Filter Include="ソース ファイル\Countdown">
      <UniqueIdentifier>{40860703-a47d-4b39-9e4f-2ac67429e5aa}</UniqueIdentifier>
    </Filter>
    <Filter Include="ソース ファイル\StageClearUi">
      <UniqueIdentifier>{cab97525-4e0a-4e49-8a58-2c83b35d5b52}</UniqueIdentifier>
    </Filter>
    <Filter Include="ソース ファイル\TitleSelectUI">
      <UniqueIdentifier>{c461b54d-c4bd-4af2-848d-864e6fe5c85b}</UniqueIdentifier>
    </Filter>
    <Filter Include="ソース ファイル\MissUI">
      <UniqueIdentifier>{ce766b6f-3727-4c34-8f09-50d0edaf6887}</UniqueIdentifier>
    </Filter>
    <Filter Include="ソース ファイル\SpikeBlock">
      <UniqueIdentifier>{8db2f2ca-151c-40d0-80bc-3cafddca3bf4}</UniqueIdentifier>
    </Filter>
    <Filter Include="ソース ファイル\StarItem">
      <UniqueIdentifier>{4693ea61-5622-44fe-961c-906337b62b41}</UniqueIdentifier>
    </Filter>
    <Filter Include="ソース ファイル\ItemBase">
      <UniqueIdentifier>{4ddc9f35-90dc-4c20-bdac-7da8af2f8d9d}</UniqueIdentifier>
    </Filter>
    <Filter Include="ソース ファイル\StarParticle">
      <UniqueIdentifier>{1768d4f1-67c5-4ebd-9fe0-2c0d9428eb46}</UniqueIdentifier>
    </Filter>
    <Filter Include="ソース ファイル\StarUI">
      <UniqueIdentifier>{c169d21f-36f5-4139-a0d8-921bdde2c3b0}</UniqueIdentifier>
    </Filter>
    <Filter Include="ソース ファイル\Shader">
      <UniqueIdentifier>{33bbb84c-85c7-4182-863a-093cbb4731ab}</UniqueIdentifier>
    </Filter>
    <Filter Include="ソース ファイル\DispDistance">
      <UniqueIdentifier>{ab22dc48-7e85-454b-a7cc-6b496ce93ccb}</UniqueIdentifier>
    </Filter>
    <Filter Include="ソース ファイル\NumberUI">
      <UniqueIdentifier>{b09ec7bd-404b-40b3-9fb0-493bf6881d9d}</UniqueIdentifier>
    </Filter>
    <Filter Include="ソース ファイル\Field">
      <UniqueIdentifier>{d6448b40-e135-40fe-8be8-2eb23a99c492}</UniqueIdentifier>
    </Filter>
    <Filter Include="ソース ファイル\TitleDisp">
      <UniqueIdentifier>{b0d6c6f5-9f30-49c6-89bc-8ec73621256c}</UniqueIdentifier>
    </Filter>
    <Filter Include="ソース ファイル\WhatSave">
      <UniqueIdentifier>{24aa20c9-5140-42a5-905d-9a84bcb6eda2}</UniqueIdentifier>
    </Filter>
    <Filter Include="ソース ファイル\EditModeUI">
      <UniqueIdentifier>{5ddf97a9-b76b-432f-b1ba-046bbe983410}</UniqueIdentifier>
    </Filter>
  </ItemGroup>
  <ItemGroup>
    <ClCompile Include="Source\Audio\MyAudiere.cpp">
      <Filter>ソース ファイル\Audio</Filter>
    </ClCompile>
    <ClCompile Include="Source\SceneInterface\sceneBase.cpp">
      <Filter>ソース ファイル\SceneInterface</Filter>
    </ClCompile>
    <ClCompile Include="Source\SceneManager\SceneManager.cpp">
      <Filter>ソース ファイル\SceneManager</Filter>
    </ClCompile>
    <ClCompile Include="Source\Fade\FadeUI.cpp">
      <Filter>ソース ファイル\Fade</Filter>
    </ClCompile>
    <ClCompile Include="Source\Board\Board.cpp">
      <Filter>ソース ファイル\Board</Filter>
    </ClCompile>
    <ClCompile Include="Source\GameObjectBase\GameObjectBase.cpp">
      <Filter>ソース ファイル\GameObjectBase</Filter>
    </ClCompile>
    <ClCompile Include="Source\ResoueceManager\ResourceManager.cpp">
      <Filter>ソース ファイル\ResourceManager</Filter>
    </ClCompile>
    <ClCompile Include="Source\MyHierarchy\MyHierarchy.cpp">
      <Filter>ソース ファイル\MyHierarchy</Filter>
    </ClCompile>
    <ClCompile Include="Source\KeyBoard\Keyboard.cpp">
      <Filter>ソース ファイル\KeyBoard</Filter>
    </ClCompile>
    <ClCompile Include="Source\Scene\Title\SceneTitle.cpp">
      <Filter>ソース ファイル\Scene\Title</Filter>
    </ClCompile>
    <ClCompile Include="Source\Skydome\Skydome.cpp">
      <Filter>ソース ファイル\Skydome</Filter>
    </ClCompile>
    <ClCompile Include="Source\Pawn\Pawn.cpp">
      <Filter>ソース ファイル\Pawn</Filter>
    </ClCompile>
    <ClCompile Include="Source\DirectX3D\DirectX3D.cpp">
      <Filter>ソース ファイル\DirectX</Filter>
    </ClCompile>
    <ClCompile Include="Source\Collision\Collision.cpp">
      <Filter>ソース ファイル\Collision</Filter>
    </ClCompile>
    <ClCompile Include="Source\Player\Player.cpp">
      <Filter>ソース ファイル\Player</Filter>
    </ClCompile>
    <ClCompile Include="Source\Collider\Collider.cpp">
      <Filter>ソース ファイル\Collider</Filter>
    </ClCompile>
    <ClCompile Include="Source\Figure\Figure.cpp">
      <Filter>ソース ファイル\Figure</Filter>
    </ClCompile>
    <ClCompile Include="Source\Application\Application.cpp">
      <Filter>ソース ファイル\Application</Filter>
    </ClCompile>
    <ClCompile Include="Source\Light\Light.cpp">
      <Filter>ソース ファイル\Light</Filter>
    </ClCompile>
    <ClCompile Include="Source\MainField\MainField.cpp">
      <Filter>ソース ファイル\MainField</Filter>
    </ClCompile>
    <ClCompile Include="Source\MeshFieldBase\MeshFieldBase.cpp">
      <Filter>ソース ファイル\MeshFieldBase</Filter>
    </ClCompile>
    <ClCompile Include="Source\TitleUI\TitleUI.cpp">
      <Filter>ソース ファイル\TitleUI</Filter>
    </ClCompile>
    <ClCompile Include="Source\HeartObj\HeartObj.cpp">
      <Filter>ソース ファイル\HeartObj</Filter>
    </ClCompile>
    <ClCompile Include="Source\MyVector3\MyVector3.cpp">
      <Filter>ソース ファイル\MyVector3</Filter>
    </ClCompile>
    <ClCompile Include="Source\EntryPoint\Main.cpp">
      <Filter>ソース ファイル\EntryPoint</Filter>
    </ClCompile>
    <ClCompile Include="Source\Camera\Camera.cpp">
      <Filter>ソース ファイル\Camera</Filter>
    </ClCompile>
    <ClCompile Include="Source\Scene\Main\SceneMain.cpp">
      <Filter>ソース ファイル\Scene\Main</Filter>
    </ClCompile>
    <ClCompile Include="Source\Scene\Load\SceneLoad.cpp">
      <Filter>ソース ファイル\Scene\Load</Filter>
    </ClCompile>
    <ClCompile Include="Source\LoadIcon\MyLoadIcon.cpp">
      <Filter>ソース ファイル\LoadIcon</Filter>
    </ClCompile>
    <ClCompile Include="Source\Ball\BallObj.cpp">
      <Filter>ソース ファイル\Ball</Filter>
    </ClCompile>
    <ClCompile Include="Source\MyDelete\MyDelete.cpp">
      <Filter>ソース ファイル\Delete</Filter>
    </ClCompile>
    <ClCompile Include="Source\Particle\Particle.cpp">
      <Filter>ソース ファイル\Particle</Filter>
    </ClCompile>
    <ClCompile Include="Source\Random\MyRandom.cpp">
      <Filter>ソース ファイル\Random</Filter>
    </ClCompile>
    <ClCompile Include="Source\Scene\Select\SceneSelect.cpp">
      <Filter>ソース ファイル\Scene\Select</Filter>
    </ClCompile>
    <ClCompile Include="Source\Fream\Fream.cpp">
      <Filter>ソース ファイル\Fream</Filter>
    </ClCompile>
    <ClCompile Include="Source\BackGround\BackGround.cpp">
      <Filter>ソース ファイル\BackGround</Filter>
    </ClCompile>
    <ClCompile Include="Source\SelectManager\SelectManager.cpp">
      <Filter>ソース ファイル\SelectManager</Filter>
    </ClCompile>
    <ClCompile Include="Source\Scene\StageEdit\SceneStageEdit.cpp">
      <Filter>ソース ファイル\Scene\StageEdit</Filter>
    </ClCompile>
    <ClCompile Include="Source\Edit\Editor\StageEditor.cpp">
      <Filter>ソース ファイル\Edit</Filter>
    </ClCompile>
    <ClCompile Include="Source\EditUI\WhatStageSaveUI.cpp">
      <Filter>ソース ファイル\WhatSave</Filter>
    </ClCompile>
    <ClCompile Include="Source\Goal\Goal.cpp">
      <Filter>ソース ファイル\Goal</Filter>
    </ClCompile>
    <ClCompile Include="Source\MainObject\MainObject.cpp">
      <Filter>ソース ファイル\MainObject</Filter>
    </ClCompile>
    <ClCompile Include="Source\GameManager\GameManager.cpp">
      <Filter>ソース ファイル\GameManager</Filter>
    </ClCompile>
    <ClCompile Include="Source\Countdown\Countdown.cpp">
      <Filter>ソース ファイル\Countdown</Filter>
    </ClCompile>
    <ClCompile Include="Source\StageClearUI\StageClearUI.cpp">
      <Filter>ソース ファイル\StageClearUi</Filter>
    </ClCompile>
    <ClCompile Include="Source\TitleSelectUI\TitleSelectUI.cpp">
      <Filter>ソース ファイル\TitleSelectUI</Filter>
    </ClCompile>
    <ClCompile Include="Source\StarParticle\StarParticle.cpp">
      <Filter>ソース ファイル\StarParticle</Filter>
    </ClCompile>
    <ClCompile Include="Source\MissUI\MissUI.cpp">
      <Filter>ソース ファイル\MissUI</Filter>
    </ClCompile>
    <ClCompile Include="Source\SpikeBlock\SpikeBlock.cpp">
      <Filter>ソース ファイル\SpikeBlock</Filter>
    </ClCompile>
    <ClCompile Include="Source\Item\ItemBase.cpp">
      <Filter>ソース ファイル\ItemBase</Filter>
    </ClCompile>
    <ClCompile Include="Source\StarItem\StarItem.cpp">
      <Filter>ソース ファイル\StarItem</Filter>
    </ClCompile>
    <ClCompile Include="Source\StarUI\StarUI.cpp">
      <Filter>ソース ファイル\StarUI</Filter>
    </ClCompile>
    <ClCompile Include="Source\Xinput\Xinput.cpp">
      <Filter>ソース ファイル\Xinput</Filter>
    </ClCompile>
    <ClCompile Include="Source\Shader\Shader.cpp">
      <Filter>ソース ファイル\Shader</Filter>
    </ClCompile>
    <ClCompile Include="Source\DispDistance\DispDistance.cpp">
      <Filter>ソース ファイル\DispDistance</Filter>
    </ClCompile>
    <ClCompile Include="Source\NumberUI\NumberUI.cpp">
      <Filter>ソース ファイル\NumberUI</Filter>
    </ClCompile>
    <ClCompile Include="Source\Field\Field.cpp">
      <Filter>ソース ファイル\Field</Filter>
    </ClCompile>
    <ClCompile Include="Source\TitleDisp\TitleDisp.cpp">
      <Filter>ソース ファイル\TitleDisp</Filter>
    </ClCompile>
    <ClCompile Include="Source\EditUI\StageEditUI.cpp">
      <Filter>ソース ファイル\EditModeUI</Filter>
    </ClCompile>
  </ItemGroup>
  <ItemGroup>
    <ClInclude Include="Source\Linklib.h">
      <Filter>ソース ファイル\Link</Filter>
    </ClInclude>
    <ClInclude Include="Source\Audio\audiere.h">
      <Filter>ソース ファイル\Audio</Filter>
    </ClInclude>
    <ClInclude Include="Source\Audio\MyAudiere.h">
      <Filter>ソース ファイル\Audio</Filter>
    </ClInclude>
    <ClInclude Include="Source\SceneInterface\sceneBase.h">
      <Filter>ソース ファイル\SceneInterface</Filter>
    </ClInclude>
    <ClInclude Include="Source\SceneManager\SceneManager.h">
      <Filter>ソース ファイル\SceneManager</Filter>
    </ClInclude>
    <ClInclude Include="Source\Fade\FadeUI.h">
      <Filter>ソース ファイル\Fade</Filter>
    </ClInclude>
    <ClInclude Include="Source\Board\Board.h">
      <Filter>ソース ファイル\Board</Filter>
    </ClInclude>
    <ClInclude Include="Source\GameObjectBase\GameObjectBase.h">
      <Filter>ソース ファイル\GameObjectBase</Filter>
    </ClInclude>
    <ClInclude Include="Source\ResoueceManager\ResourceManager.h">
      <Filter>ソース ファイル\ResourceManager</Filter>
    </ClInclude>
    <ClInclude Include="Source\MyHierarchy\MyHierarchy.h">
      <Filter>ソース ファイル\MyHierarchy</Filter>
    </ClInclude>
    <ClInclude Include="Source\KeyBoard\Keyboard.h">
      <Filter>ソース ファイル\KeyBoard</Filter>
    </ClInclude>
    <ClInclude Include="Source\Scene\Title\SceneTitle.h">
      <Filter>ソース ファイル\Scene\Title</Filter>
    </ClInclude>
    <ClInclude Include="Source\Skydome\Skydome.h">
      <Filter>ソース ファイル\Skydome</Filter>
    </ClInclude>
    <ClInclude Include="Source\Pawn\Pawn.h">
      <Filter>ソース ファイル\Pawn</Filter>
    </ClInclude>
    <ClInclude Include="Source\DirectX3D\DirectX3D.h">
      <Filter>ソース ファイル\DirectX</Filter>
    </ClInclude>
    <ClInclude Include="Source\Collision\Collision.h">
      <Filter>ソース ファイル\Collision</Filter>
    </ClInclude>
    <ClInclude Include="Source\Player\Player.h">
      <Filter>ソース ファイル\Player</Filter>
    </ClInclude>
    <ClInclude Include="Source\Collider\Collider.h">
      <Filter>ソース ファイル\Collider</Filter>
    </ClInclude>
    <ClInclude Include="Source\Figure\Figure.h">
      <Filter>ソース ファイル\Figure</Filter>
    </ClInclude>
    <ClInclude Include="Source\Application\Application.h">
      <Filter>ソース ファイル\Application</Filter>
    </ClInclude>
    <ClInclude Include="Source\Light\Light.h">
      <Filter>ソース ファイル\Light</Filter>
    </ClInclude>
    <ClInclude Include="Source\MainField\MainField.h">
      <Filter>ソース ファイル\MainField</Filter>
    </ClInclude>
    <ClInclude Include="Source\MeshFieldBase\MeshFieldBase.h">
      <Filter>ソース ファイル\MeshFieldBase</Filter>
    </ClInclude>
    <ClInclude Include="Source\Mesh\Mesh.h">
      <Filter>ソース ファイル\Mesh</Filter>
    </ClInclude>
    <ClInclude Include="Source\TitleUI\TitleUI.h">
      <Filter>ソース ファイル\TitleUI</Filter>
    </ClInclude>
    <ClInclude Include="Source\HeartObj\HeartObj.h">
      <Filter>ソース ファイル\HeartObj</Filter>
    </ClInclude>
    <ClInclude Include="Source\MyVector3\MyVector3.h">
      <Filter>ソース ファイル\MyVector3</Filter>
    </ClInclude>
    <ClInclude Include="CrtDebug.h">
      <Filter>ソース ファイル\CrtDebug</Filter>
    </ClInclude>
    <ClInclude Include="Source\Scene\Main\SceneMain.h">
      <Filter>ソース ファイル\Scene\Main</Filter>
    </ClInclude>
    <ClInclude Include="Source\Camera\Camera.h">
      <Filter>ソース ファイル\Camera</Filter>
    </ClInclude>
    <ClInclude Include="Source\Scene\Load\SceneLoad.h">
      <Filter>ソース ファイル\Scene\Load</Filter>
    </ClInclude>
    <ClInclude Include="Source\LoadIcon\MyLoadIcon.h">
      <Filter>ソース ファイル\LoadIcon</Filter>
    </ClInclude>
    <ClInclude Include="Source\Ball\BallObj.h">
      <Filter>ソース ファイル\Ball</Filter>
    </ClInclude>
    <ClInclude Include="Source\MyDelete\MyDelete.h">
      <Filter>ソース ファイル\Delete</Filter>
    </ClInclude>
    <ClInclude Include="Source\Particle\Particle.h">
      <Filter>ソース ファイル\Particle</Filter>
    </ClInclude>
    <ClInclude Include="Source\Random\MyRandom.h">
      <Filter>ソース ファイル\Random</Filter>
    </ClInclude>
    <ClInclude Include="Source\Scene\Select\SceneSelect.h">
      <Filter>ソース ファイル\Scene\Select</Filter>
    </ClInclude>
    <ClInclude Include="Source\Fream\Fream.h">
      <Filter>ソース ファイル\Fream</Filter>
    </ClInclude>
    <ClInclude Include="Source\BackGround\BackGround.h">
      <Filter>ソース ファイル\BackGround</Filter>
    </ClInclude>
    <ClInclude Include="Source\SelectManager\SelectManager.h">
      <Filter>ソース ファイル\SelectManager</Filter>
    </ClInclude>
    <ClInclude Include="Source\Scene\StageEdit\SceneStageEdit.h">
      <Filter>ソース ファイル\Scene\StageEdit</Filter>
    </ClInclude>
    <ClInclude Include="Source\Edit\Editor\StageEditor.h">
      <Filter>ソース ファイル\Edit</Filter>
    </ClInclude>
    <ClInclude Include="Source\EditUI\WhatStageSaveUI.h">
      <Filter>ソース ファイル\WhatSave</Filter>
    </ClInclude>
    <ClInclude Include="Source\Scene\CharacterSelect\SceneCharacterSelect.h">
      <Filter>ソース ファイル\Scene\CharacterSelect</Filter>
    </ClInclude>
    <ClInclude Include="Source\Goal\Goal.h">
      <Filter>ソース ファイル\Goal</Filter>
    </ClInclude>
    <ClInclude Include="Source\MainObject\MainObject.h">
      <Filter>ソース ファイル\MainObject</Filter>
    </ClInclude>
    <ClInclude Include="Source\Countdown\Countdown.h">
      <Filter>ソース ファイル\Countdown</Filter>
    </ClInclude>
    <ClInclude Include="Source\StageClearUI\StageClearUI.h">
      <Filter>ソース ファイル\StageClearUi</Filter>
    </ClInclude>
    <ClInclude Include="Source\TitleSelectUI\TitleSelectUI.h">
      <Filter>ソース ファイル\TitleSelectUI</Filter>
    </ClInclude>
    <ClInclude Include="Source\StarParticle\StarParticle.h">
      <Filter>ソース ファイル\StarParticle</Filter>
    </ClInclude>
    <ClInclude Include="Source\MissUI\MissUI.h">
      <Filter>ソース ファイル\MissUI</Filter>
    </ClInclude>
    <ClInclude Include="Source\SpikeBlock\SpikeBlock.h">
      <Filter>ソース ファイル\SpikeBlock</Filter>
    </ClInclude>
    <ClInclude Include="Source\Item\ItemBase.h">
      <Filter>ソース ファイル\ItemBase</Filter>
    </ClInclude>
    <ClInclude Include="Source\StarItem\StarItem.h">
      <Filter>ソース ファイル\StarItem</Filter>
    </ClInclude>
    <ClInclude Include="Source\GameManager\GameManager.h">
      <Filter>ソース ファイル\GameManager</Filter>
    </ClInclude>
    <ClInclude Include="Source\StarUI\StarUI.h">
      <Filter>ソース ファイル\StarUI</Filter>
    </ClInclude>
    <ClInclude Include="Source\Xinput\Xinput.h">
      <Filter>ソース ファイル\Xinput</Filter>
    </ClInclude>
    <ClInclude Include="Source\Shader\Shader.h">
      <Filter>ソース ファイル\Shader</Filter>
    </ClInclude>
    <ClInclude Include="Source\DispDistance\DispDistance.h">
      <Filter>ソース ファイル\DispDistance</Filter>
    </ClInclude>
    <ClInclude Include="Source\NumberUI\NumberUI.h">
      <Filter>ソース ファイル\NumberUI</Filter>
    </ClInclude>
    <ClInclude Include="Source\Field\Field.h">
      <Filter>ソース ファイル\Field</Filter>
    </ClInclude>
    <ClInclude Include="Source\TitleDisp\TitleDisp.h">
      <Filter>ソース ファイル\TitleDisp</Filter>
    </ClInclude>
    <ClInclude Include="Source\EditUI\StageEditUI.h">
      <Filter>ソース ファイル\EditModeUI</Filter>
    </ClInclude>
  </ItemGroup>
</Project>